
Microsoft Visual Studio Solution File, Format Version 12.00
# Visual Studio Version 17
VisualStudioVersion = 17.6.33829.357
MinimumVisualStudioVersion = 10.0.40219.1
Project("{FAE04EC0-301F-11D3-BF4B-00C04F79EFBC}") = "InClass", "InClass\InClass.csproj", "{34F9D96F-6735-4A44-A194-A742AF08C11F}"
EndProject
Global
	GlobalSection(SolutionConfigurationPlatforms) = preSolution
		Debug|Any CPU = Debug|Any CPU
		Release|Any CPU = Release|Any CPU
	EndGlobalSection
	GlobalSection(ProjectConfigurationPlatforms) = postSolution
		{34F9D96F-6735-4A44-A194-A742AF08C11F}.Debug|Any CPU.ActiveCfg = Debug|Any CPU
		{34F9D96F-6735-4A44-A194-A742AF08C11F}.Debug|Any CPU.Build.0 = Debug|Any CPU
		{34F9D96F-6735-4A44-A194-A742AF08C11F}.Release|Any CPU.ActiveCfg = Release|Any CPU
		{34F9D96F-6735-4A44-A194-A742AF08C11F}.Release|Any CPU.Build.0 = Release|Any CPU
	EndGlobalSection
	GlobalSection(SolutionProperties) = preSolution
		HideSolutionNode = FALSE
	EndGlobalSection
	GlobalSection(ExtensibilityGlobals) = postSolution
		SolutionGuid = {3EFEC539-A33D-4BC5-B422-907312C0F415}
	EndGlobalSection
EndGlobal
